
Microsoft Visual Studio Solution File, Format Version 12.00
# Visual Studio 15
VisualStudioVersion = 15.0.27703.2026
MinimumVisualStudioVersion = 10.0.40219.1
Project("{FAE04EC0-301F-11D3-BF4B-00C04F79EFBC}") = "M1NET_S119", "M1NET_S119\M1NET_S119.csproj", "{75EE39CA-4BF8-4885-A67F-CEF8A0F0EB74}"
EndProject
Global
	GlobalSection(SolutionConfigurationPlatforms) = preSolution
		Debug|Any CPU = Debug|Any CPU
		Release|Any CPU = Release|Any CPU
	EndGlobalSection
	GlobalSection(ProjectConfigurationPlatforms) = postSolution
		{75EE39CA-4BF8-4885-A67F-CEF8A0F0EB74}.Debug|Any CPU.ActiveCfg = Debug|Any CPU
		{75EE39CA-4BF8-4885-A67F-CEF8A0F0EB74}.Debug|Any CPU.Build.0 = Debug|Any CPU
		{75EE39CA-4BF8-4885-A67F-CEF8A0F0EB74}.Release|Any CPU.ActiveCfg = Release|Any CPU
		{75EE39CA-4BF8-4885-A67F-CEF8A0F0EB74}.Release|Any CPU.Build.0 = Release|Any CPU
	EndGlobalSection
	GlobalSection(SolutionProperties) = preSolution
		HideSolutionNode = FALSE
	EndGlobalSection
	GlobalSection(ExtensibilityGlobals) = postSolution
		SolutionGuid = {DF0F3ADE-862A-4C81-A332-CE9892AE30AD}
	EndGlobalSection
EndGlobal
